
Microsoft Visual Studio Solution File, Format Version 12.00
# Visual Studio Version 16
VisualStudioVersion = 16.0.30621.155
MinimumVisualStudioVersion = 10.0.40219.1
Project("{9A19103F-16F7-4668-BE54-9A1E7A4F7556}") = "SharpVue.Ingest", "SharpVue.Ingest\SharpVue.Ingest.csproj", "{ABBB7315-F84C-4D38-B7D1-0568F6D77FF9}"
EndProject
Project("{9A19103F-16F7-4668-BE54-9A1E7A4F7556}") = "SharpVue.Common", "SharpVue.Common\SharpVue.Common.csproj", "{44F8A875-A4AF-460C-9D03-D86FA0D587E4}"
EndProject
Project("{FAE04EC0-301F-11D3-BF4B-00C04F79EFBC}") = "Testing", "Testing\Testing.csproj", "{9D00B5A2-E724-4BC8-A054-0BFCFF29B6E1}"
EndProject
Global
	GlobalSection(SolutionConfigurationPlatforms) = preSolution
		Debug|Any CPU = Debug|Any CPU
		Release|Any CPU = Release|Any CPU
	EndGlobalSection
	GlobalSection(ProjectConfigurationPlatforms) = postSolution
		{ABBB7315-F84C-4D38-B7D1-0568F6D77FF9}.Debug|Any CPU.ActiveCfg = Debug|Any CPU
		{ABBB7315-F84C-4D38-B7D1-0568F6D77FF9}.Debug|Any CPU.Build.0 = Debug|Any CPU
		{ABBB7315-F84C-4D38-B7D1-0568F6D77FF9}.Release|Any CPU.ActiveCfg = Release|Any CPU
		{ABBB7315-F84C-4D38-B7D1-0568F6D77FF9}.Release|Any CPU.Build.0 = Release|Any CPU
		{44F8A875-A4AF-460C-9D03-D86FA0D587E4}.Debug|Any CPU.ActiveCfg = Debug|Any CPU
		{44F8A875-A4AF-460C-9D03-D86FA0D587E4}.Debug|Any CPU.Build.0 = Debug|Any CPU
		{44F8A875-A4AF-460C-9D03-D86FA0D587E4}.Release|Any CPU.ActiveCfg = Release|Any CPU
		{44F8A875-A4AF-460C-9D03-D86FA0D587E4}.Release|Any CPU.Build.0 = Release|Any CPU
		{9D00B5A2-E724-4BC8-A054-0BFCFF29B6E1}.Debug|Any CPU.ActiveCfg = Debug|Any CPU
		{9D00B5A2-E724-4BC8-A054-0BFCFF29B6E1}.Debug|Any CPU.Build.0 = Debug|Any CPU
		{9D00B5A2-E724-4BC8-A054-0BFCFF29B6E1}.Release|Any CPU.ActiveCfg = Release|Any CPU
		{9D00B5A2-E724-4BC8-A054-0BFCFF29B6E1}.Release|Any CPU.Build.0 = Release|Any CPU
	EndGlobalSection
	GlobalSection(SolutionProperties) = preSolution
		HideSolutionNode = FALSE
	EndGlobalSection
	GlobalSection(ExtensibilityGlobals) = postSolution
		SolutionGuid = {CF52BB63-80DD-4D9D-ABB1-C7192F779F41}
	EndGlobalSection
EndGlobal
